{
    "_readme": [
        "This file locks the dependencies of your project to a known state",
        "Read more about it at https://getcomposer.org/doc/01-basic-usage.md#installing-dependencies",
        "This file is @generated automatically"
    ],
    "content-hash": "fb2d00e020946ea6ff39f3c4e864c61d",
    "packages": [
        {
            "name": "phiki/phiki",
            "version": "v2.2.1",
            "source": {
                "type": "git",
                "url": "https://github.com/phikiphp/phiki.git",
                "reference": "0a9ff7efad9d433d9b173aff36b2a1905ef13c57"
            },
            "dist": {
                "type": "zip",
                "url": "https://api.github.com/repos/phikiphp/phiki/zipball/0a9ff7efad9d433d9b173aff36b2a1905ef13c57",
                "reference": "0a9ff7efad9d433d9b173aff36b2a1905ef13c57",
                "shasum": ""
            },
            "require": {
                "ext-mbstring": "*",
                "php": "^8.2",
                "psr/simple-cache": "^3.0"
            },
            "require-dev": {
                "illuminate/support": "^11.45",
                "laravel/pint": "^1.18.1",
                "league/commonmark": "^2.5.3",
                "orchestra/testbench": "^9.15",
                "pestphp/pest": "^3.5.1",
                "phpstan/extension-installer": "^1.4.3",
                "phpstan/phpstan": "^2.0",
                "symfony/var-dumper": "^7.1.6"
            },
            "suggest": {
                "league/commonmark": "Required to use the CommonMark adapter (^2.5.3)"
            },
            "type": "library",
            "extra": {
                "laravel": {
                    "providers": [
                        "Phiki\\Adapters\\Laravel\\PhikiServiceProvider"
                    ]
                }
            },
            "autoload": {
                "psr-4": {
                    "Phiki\\": "src/"
                }
            },
            "notification-url": "https://packagist.org/downloads/",
            "license": [
                "MIT"
            ],
            "authors": [
                {
                    "name": "Ryan Chandler",
                    "email": "support@ryangjchandler.co.uk",
                    "homepage": "https://ryangjchandler.co.uk",
                    "role": "Developer"
                }
            ],
            "description": "Syntax highlighting using TextMate grammars in PHP.",
            "support": {
                "issues": "https://github.com/phikiphp/phiki/issues",
                "source": "https://github.com/phikiphp/phiki/tree/v2.2.1"
            },
            "funding": [
                {
                    "url": "https://github.com/sponsors/ryangjchandler",
                    "type": "github"
                },
                {
                    "url": "https://buymeacoffee.com/ryangjchandler",
                    "type": "other"
                }
            ],
            "time": "2026-07-22T19:51:40+00:00"
        },
        {
            "name": "psr/simple-cache",
            "version": "3.0.0",
            "source": {
                "type": "git",
                "url": "https://github.com/php-fig/simple-cache.git",
                "reference": "764e0b3939f5ca87cb904f570ef9be2d78a07865"
            },
            "dist": {
                "type": "zip",
                "url": "https://api.github.com/repos/php-fig/simple-cache/zipball/764e0b3939f5ca87cb904f570ef9be2d78a07865",
                "reference": "764e0b3939f5ca87cb904f570ef9be2d78a07865",
                "shasum": ""
            },
            "require": {
                "php": ">=8.0.0"
            },
            "type": "library",
            "extra": {
                "branch-alias": {
                    "dev-master": "3.0.x-dev"
                }
            },
            "autoload": {
                "psr-4": {
                    "Psr\\SimpleCache\\": "src/"
                }
            },
            "notification-url": "https://packagist.org/downloads/",
            "license": [
                "MIT"
            ],
            "authors": [
                {
                    "name": "PHP-FIG",
                    "homepage": "https://www.php-fig.org/"
                }
            ],
            "description": "Common interfaces for simple caching",
            "keywords": [
                "cache",
                "caching",
                "psr",
                "psr-16",
                "simple-cache"
            ],
            "support": {
                "source": "https://github.com/php-fig/simple-cache/tree/3.0.0"
            },
            "time": "2021-10-29T13:26:27+00:00"
        }
    ],
    "packages-dev": [],
    "aliases": [],
    "minimum-stability": "stable",
    "stability-flags": {},
    "prefer-stable": false,
    "prefer-lowest": false,
    "platform": {
        "php": ">=8.3",
        "ext-mbstring": "*"
    },
    "platform-dev": {},
    "plugin-api-version": "2.9.0"
}
